
Microsoft Visual Studio Solution File, Format Version 12.00
# Visual Studio 2012
Project("{f2a71f9b-5d33-465a-a702-920d77279786}") = "Semagle.Numerics.Vectors", "Semagle.Numerics.Vectors\Semagle.Numerics.Vectors.fsproj", "{6CAE413B-B3B7-45B1-935F-926237E2A5AD}"
EndProject
Project("{f2a71f9b-5d33-465a-a702-920d77279786}") = "Semagle.Numerics.Vectors.Tests", "Semagle.Numerics.Vectors\tests\Semagle.Numerics.Vectors.Tests.fsproj", "{F4B08AB6-0EF8-4E7A-A46D-D20EDBDD4C5E}"
EndProject
Project("{f2a71f9b-5d33-465a-a702-920d77279786}") = "Semagle.Numerics.Vectors.IO", "Semagle.Numerics.Vectors.IO\Semagle.Numerics.Vectors.IO.fsproj", "{018DF0FE-28EC-4D81-9DDC-B0051F175596}"
EndProject
Project("{f2a71f9b-5d33-465a-a702-920d77279786}") = "Semagle.Numerics.Vectors.IO.Tests", "Semagle.Numerics.Vectors.IO\tests\Semagle.Numerics.Vectors.IO.Tests.fsproj", "{63102184-E224-4DB0-89A4-B5F2B587FB55}"
EndProject
Project("{f2a71f9b-5d33-465a-a702-920d77279786}") = "Semagle.MachineLearning.SVM", "Semagle.MachineLearning.SVM\Semagle.MachineLearning.SVM.fsproj", "{0A2DB641-DAF5-4C43-B92C-808FFF505DDD}"
EndProject
Project("{f2a71f9b-5d33-465a-a702-920d77279786}") = "Semagle.Algorithms", "Semagle.Algorithms\Semagle.Algorithms.fsproj", "{10265A1D-B610-4685-B18C-0DC028AA3CB0}"
EndProject
Project("{f2a71f9b-5d33-465a-a702-920d77279786}") = "Semagle.Algorithms.Tests", "Semagle.Algorithms\tests\Semagle.Algorithms.Tests.fsproj", "{4611AE29-D2BE-47F5-8B27-B36377E1EE75}"
EndProject
Project("{f2a71f9b-5d33-465a-a702-920d77279786}") = "Semagle.MachineLearning.Metrics", "Semagle.MachineLearning.Metrics\Semagle.MachineLearning.Metrics.fsproj", "{EB957FBE-3AFC-464E-957D-B2B94A566FBB}"
EndProject
Project("{f2a71f9b-5d33-465a-a702-920d77279786}") = "Semagle.MachineLearning.Metrics.Tests", "Semagle.MachineLearning.Metrics\tests\Semagle.MachineLearning.Metrics.Tests.fsproj", "{FE057914-6208-4DEB-AB5E-1D933F15AA86}"
EndProject
Project("{f2a71f9b-5d33-465a-a702-920d77279786}") = "Semagle.Logging", "Semagle.Logging\Semagle.Logging.fsproj", "{D4545DA3-3766-4D9E-814C-E043C87D0FED}"
EndProject
Global
	GlobalSection(SolutionConfigurationPlatforms) = preSolution
		Debug|Any CPU = Debug|Any CPU
		Release|Any CPU = Release|Any CPU
	EndGlobalSection
	GlobalSection(ProjectConfigurationPlatforms) = postSolution
		{6CAE413B-B3B7-45B1-935F-926237E2A5AD}.Debug|Any CPU.ActiveCfg = Debug|Any CPU
		{6CAE413B-B3B7-45B1-935F-926237E2A5AD}.Debug|Any CPU.Build.0 = Debug|Any CPU
		{6CAE413B-B3B7-45B1-935F-926237E2A5AD}.Release|Any CPU.ActiveCfg = Release|Any CPU
		{6CAE413B-B3B7-45B1-935F-926237E2A5AD}.Release|Any CPU.Build.0 = Release|Any CPU
		{F4B08AB6-0EF8-4E7A-A46D-D20EDBDD4C5E}.Debug|Any CPU.ActiveCfg = Debug|Any CPU
		{F4B08AB6-0EF8-4E7A-A46D-D20EDBDD4C5E}.Debug|Any CPU.Build.0 = Debug|Any CPU
		{F4B08AB6-0EF8-4E7A-A46D-D20EDBDD4C5E}.Release|Any CPU.ActiveCfg = Release|Any CPU
		{F4B08AB6-0EF8-4E7A-A46D-D20EDBDD4C5E}.Release|Any CPU.Build.0 = Release|Any CPU
		{018DF0FE-28EC-4D81-9DDC-B0051F175596}.Debug|Any CPU.ActiveCfg = Debug|Any CPU
		{018DF0FE-28EC-4D81-9DDC-B0051F175596}.Debug|Any CPU.Build.0 = Debug|Any CPU
		{018DF0FE-28EC-4D81-9DDC-B0051F175596}.Release|Any CPU.ActiveCfg = Release|Any CPU
		{018DF0FE-28EC-4D81-9DDC-B0051F175596}.Release|Any CPU.Build.0 = Release|Any CPU
		{63102184-E224-4DB0-89A4-B5F2B587FB55}.Debug|Any CPU.ActiveCfg = Debug|Any CPU
		{63102184-E224-4DB0-89A4-B5F2B587FB55}.Debug|Any CPU.Build.0 = Debug|Any CPU
		{63102184-E224-4DB0-89A4-B5F2B587FB55}.Release|Any CPU.ActiveCfg = Release|Any CPU
		{63102184-E224-4DB0-89A4-B5F2B587FB55}.Release|Any CPU.Build.0 = Release|Any CPU
		{0A2DB641-DAF5-4C43-B92C-808FFF505DDD}.Debug|Any CPU.ActiveCfg = Debug|Any CPU
		{0A2DB641-DAF5-4C43-B92C-808FFF505DDD}.Debug|Any CPU.Build.0 = Debug|Any CPU
		{0A2DB641-DAF5-4C43-B92C-808FFF505DDD}.Release|Any CPU.ActiveCfg = Release|Any CPU
		{0A2DB641-DAF5-4C43-B92C-808FFF505DDD}.Release|Any CPU.Build.0 = Release|Any CPU
		{10265A1D-B610-4685-B18C-0DC028AA3CB0}.Debug|Any CPU.ActiveCfg = Debug|Any CPU
		{10265A1D-B610-4685-B18C-0DC028AA3CB0}.Debug|Any CPU.Build.0 = Debug|Any CPU
		{10265A1D-B610-4685-B18C-0DC028AA3CB0}.Release|Any CPU.ActiveCfg = Release|Any CPU
		{10265A1D-B610-4685-B18C-0DC028AA3CB0}.Release|Any CPU.Build.0 = Release|Any CPU
		{4611AE29-D2BE-47F5-8B27-B36377E1EE75}.Debug|Any CPU.ActiveCfg = Debug|Any CPU
		{4611AE29-D2BE-47F5-8B27-B36377E1EE75}.Debug|Any CPU.Build.0 = Debug|Any CPU
		{4611AE29-D2BE-47F5-8B27-B36377E1EE75}.Release|Any CPU.ActiveCfg = Release|Any CPU
		{4611AE29-D2BE-47F5-8B27-B36377E1EE75}.Release|Any CPU.Build.0 = Release|Any CPU
		{EB957FBE-3AFC-464E-957D-B2B94A566FBB}.Debug|Any CPU.ActiveCfg = Debug|Any CPU
		{EB957FBE-3AFC-464E-957D-B2B94A566FBB}.Debug|Any CPU.Build.0 = Debug|Any CPU
		{EB957FBE-3AFC-464E-957D-B2B94A566FBB}.Release|Any CPU.ActiveCfg = Release|Any CPU
		{EB957FBE-3AFC-464E-957D-B2B94A566FBB}.Release|Any CPU.Build.0 = Release|Any CPU
		{FE057914-6208-4DEB-AB5E-1D933F15AA86}.Debug|Any CPU.ActiveCfg = Debug|Any CPU
		{FE057914-6208-4DEB-AB5E-1D933F15AA86}.Debug|Any CPU.Build.0 = Debug|Any CPU
		{FE057914-6208-4DEB-AB5E-1D933F15AA86}.Release|Any CPU.ActiveCfg = Release|Any CPU
		{FE057914-6208-4DEB-AB5E-1D933F15AA86}.Release|Any CPU.Build.0 = Release|Any CPU
		{D4545DA3-3766-4D9E-814C-E043C87D0FED}.Debug|Any CPU.ActiveCfg = Debug|Any CPU
		{D4545DA3-3766-4D9E-814C-E043C87D0FED}.Debug|Any CPU.Build.0 = Debug|Any CPU
		{D4545DA3-3766-4D9E-814C-E043C87D0FED}.Release|Any CPU.ActiveCfg = Release|Any CPU
		{D4545DA3-3766-4D9E-814C-E043C87D0FED}.Release|Any CPU.Build.0 = Release|Any CPU
	EndGlobalSection
	GlobalSection(MonoDevelopProperties) = preSolution
		Policies = $0
		$0.StandardHeader = $1
		$1.Text = @// Copyright ${Year} ${AuthorName} (${AuthorEmail})\n//\n// Licensed under the Apache License, Version 2.0 (the "License");\n// you may not use this file except in compliance with the License.\n// You may obtain a copy of the License at\n//\n//    http://www.apache.org/licenses/LICENSE-2.0\n//\n// Unless required by applicable law or agreed to in writing, software\n// distributed under the License is distributed on an "AS IS" BASIS,\n// WITHOUT WARRANTIES OR CONDITIONS OF ANY KIND, either express or implied.\n// See the License for the specific language governing permissions and\n// limitations under the License.
	EndGlobalSection
EndGlobal
