
Microsoft Visual Studio Solution File, Format Version 12.00
# Visual Studio 15
VisualStudioVersion = 15.0.26124.0
MinimumVisualStudioVersion = 15.0.26124.0
Project("{F2A71F9B-5D33-465A-A702-920D77279786}") = "Semagle.Numerics.Vectors", "Semagle.Numerics.Vectors\Semagle.Numerics.Vectors.fsproj", "{76AF1F9A-7AC0-4E3C-9663-2949A4258FFB}"
EndProject
Project("{F2A71F9B-5D33-465A-A702-920D77279786}") = "Semagle.Numerics.Vectors.Tests", "Semagle.Numerics.Vectors\tests\Semagle.Numerics.Vectors.Tests.fsproj", "{7A29B1AA-5A93-405D-A1B8-0BE37C676EB4}"
EndProject
Project("{F2A71F9B-5D33-465A-A702-920D77279786}") = "Semagle.Algorithms", "Semagle.Algorithms\Semagle.Algorithms.fsproj", "{72A84482-0FFA-4B5A-9881-4F191445BB4B}"
EndProject
Project("{F2A71F9B-5D33-465A-A702-920D77279786}") = "Semagle.Algorithms.Tests", "Semagle.Algorithms\tests\Semagle.Algorithms.Tests.fsproj", "{9AAB18E5-C969-4081-AEBF-94F6E9E52E8E}"
EndProject
Project("{F2A71F9B-5D33-465A-A702-920D77279786}") = "Semagle.Data.Formats", "Semagle.Data.Formats\Semagle.Data.Formats.fsproj", "{21F0585A-0737-4733-8133-572F3495C03A}"
EndProject
Project("{F2A71F9B-5D33-465A-A702-920D77279786}") = "Semagle.Data.Formats.Tests", "Semagle.Data.Formats\tests\Semagle.Data.Formats.Tests.fsproj", "{48F5093D-FD98-485B-A18F-A64ED869744A}"
EndProject
Project("{F2A71F9B-5D33-465A-A702-920D77279786}") = "Semagle.Logging", "Semagle.Logging\Semagle.Logging.fsproj", "{0B7C2B42-3767-4192-A722-9C0F6D196CCC}"
EndProject
Project("{F2A71F9B-5D33-465A-A702-920D77279786}") = "Semagle.MachineLearning.Metrics", "Semagle.MachineLearning.Metrics\Semagle.MachineLearning.Metrics.fsproj", "{5381D18F-40CD-4CFF-B6DB-4868385466FD}"
EndProject
Project("{F2A71F9B-5D33-465A-A702-920D77279786}") = "Semagle.MachineLearning.Metrics.Tests", "Semagle.MachineLearning.Metrics\tests\Semagle.MachineLearning.Metrics.Tests.fsproj", "{EB66520D-FBB9-4D01-B4F4-2587C982E6DE}"
EndProject
Project("{F2A71F9B-5D33-465A-A702-920D77279786}") = "Semagle.MachineLearning.SVM", "Semagle.MachineLearning.SVM\Semagle.MachineLearning.SVM.fsproj", "{906D3674-6A50-4685-804C-D05C58BB8C58}"
EndProject
Project("{F2A71F9B-5D33-465A-A702-920D77279786}") = "Semagle.MachineLearning.SSVM", "Semagle.MachineLearning.SSVM\Semagle.MachineLearning.SSVM.fsproj", "{88C3C399-AE82-4B3D-9674-3E54896AE407}"
EndProject
Project("{2150E333-8FDC-42A3-9474-1A3956D46DE8}") = "Semagle.Numerics", "Semagle.Numerics", "{300734FD-9FBB-49F6-B507-EB91F5DD2FCF}"
EndProject
Project("{2150E333-8FDC-42A3-9474-1A3956D46DE8}") = "Semagle.Algorithms", "Semagle.Algorithms", "{450ADE40-BC19-4D3F-838C-78018C15CC36}"
EndProject
Project("{2150E333-8FDC-42A3-9474-1A3956D46DE8}") = "Semagle.MachineLearning", "Semagle.MachineLearning", "{2FE286BC-E8EC-46E6-A2F4-FA366BA39758}"
EndProject
Project("{2150E333-8FDC-42A3-9474-1A3956D46DE8}") = "Semagle.Data.Formats", "Semagle.Data.Formats", "{AF1D0699-4C34-4349-8041-72F65769992A}"
EndProject
Global
	GlobalSection(SolutionConfigurationPlatforms) = preSolution
		Debug|Any CPU = Debug|Any CPU
		Debug|x64 = Debug|x64
		Debug|x86 = Debug|x86
		Release|Any CPU = Release|Any CPU
		Release|x64 = Release|x64
		Release|x86 = Release|x86
	EndGlobalSection
	GlobalSection(SolutionProperties) = preSolution
		HideSolutionNode = FALSE
	EndGlobalSection
	GlobalSection(ProjectConfigurationPlatforms) = postSolution
		{76AF1F9A-7AC0-4E3C-9663-2949A4258FFB}.Debug|Any CPU.ActiveCfg = Debug|Any CPU
		{76AF1F9A-7AC0-4E3C-9663-2949A4258FFB}.Debug|Any CPU.Build.0 = Debug|Any CPU
		{76AF1F9A-7AC0-4E3C-9663-2949A4258FFB}.Debug|x64.ActiveCfg = Debug|Any CPU
		{76AF1F9A-7AC0-4E3C-9663-2949A4258FFB}.Debug|x64.Build.0 = Debug|Any CPU
		{76AF1F9A-7AC0-4E3C-9663-2949A4258FFB}.Debug|x86.ActiveCfg = Debug|Any CPU
		{76AF1F9A-7AC0-4E3C-9663-2949A4258FFB}.Debug|x86.Build.0 = Debug|Any CPU
		{76AF1F9A-7AC0-4E3C-9663-2949A4258FFB}.Release|Any CPU.ActiveCfg = Release|Any CPU
		{76AF1F9A-7AC0-4E3C-9663-2949A4258FFB}.Release|Any CPU.Build.0 = Release|Any CPU
		{76AF1F9A-7AC0-4E3C-9663-2949A4258FFB}.Release|x64.ActiveCfg = Release|Any CPU
		{76AF1F9A-7AC0-4E3C-9663-2949A4258FFB}.Release|x64.Build.0 = Release|Any CPU
		{76AF1F9A-7AC0-4E3C-9663-2949A4258FFB}.Release|x86.ActiveCfg = Release|Any CPU
		{76AF1F9A-7AC0-4E3C-9663-2949A4258FFB}.Release|x86.Build.0 = Release|Any CPU
		{7A29B1AA-5A93-405D-A1B8-0BE37C676EB4}.Debug|Any CPU.ActiveCfg = Debug|Any CPU
		{7A29B1AA-5A93-405D-A1B8-0BE37C676EB4}.Debug|Any CPU.Build.0 = Debug|Any CPU
		{7A29B1AA-5A93-405D-A1B8-0BE37C676EB4}.Debug|x64.ActiveCfg = Debug|Any CPU
		{7A29B1AA-5A93-405D-A1B8-0BE37C676EB4}.Debug|x64.Build.0 = Debug|Any CPU
		{7A29B1AA-5A93-405D-A1B8-0BE37C676EB4}.Debug|x86.ActiveCfg = Debug|Any CPU
		{7A29B1AA-5A93-405D-A1B8-0BE37C676EB4}.Debug|x86.Build.0 = Debug|Any CPU
		{7A29B1AA-5A93-405D-A1B8-0BE37C676EB4}.Release|Any CPU.ActiveCfg = Release|Any CPU
		{7A29B1AA-5A93-405D-A1B8-0BE37C676EB4}.Release|Any CPU.Build.0 = Release|Any CPU
		{7A29B1AA-5A93-405D-A1B8-0BE37C676EB4}.Release|x64.ActiveCfg = Release|Any CPU
		{7A29B1AA-5A93-405D-A1B8-0BE37C676EB4}.Release|x64.Build.0 = Release|Any CPU
		{7A29B1AA-5A93-405D-A1B8-0BE37C676EB4}.Release|x86.ActiveCfg = Release|Any CPU
		{7A29B1AA-5A93-405D-A1B8-0BE37C676EB4}.Release|x86.Build.0 = Release|Any CPU
		{72A84482-0FFA-4B5A-9881-4F191445BB4B}.Debug|Any CPU.ActiveCfg = Debug|Any CPU
		{72A84482-0FFA-4B5A-9881-4F191445BB4B}.Debug|Any CPU.Build.0 = Debug|Any CPU
		{72A84482-0FFA-4B5A-9881-4F191445BB4B}.Debug|x64.ActiveCfg = Debug|Any CPU
		{72A84482-0FFA-4B5A-9881-4F191445BB4B}.Debug|x64.Build.0 = Debug|Any CPU
		{72A84482-0FFA-4B5A-9881-4F191445BB4B}.Debug|x86.ActiveCfg = Debug|Any CPU
		{72A84482-0FFA-4B5A-9881-4F191445BB4B}.Debug|x86.Build.0 = Debug|Any CPU
		{72A84482-0FFA-4B5A-9881-4F191445BB4B}.Release|Any CPU.ActiveCfg = Release|Any CPU
		{72A84482-0FFA-4B5A-9881-4F191445BB4B}.Release|Any CPU.Build.0 = Release|Any CPU
		{72A84482-0FFA-4B5A-9881-4F191445BB4B}.Release|x64.ActiveCfg = Release|Any CPU
		{72A84482-0FFA-4B5A-9881-4F191445BB4B}.Release|x64.Build.0 = Release|Any CPU
		{72A84482-0FFA-4B5A-9881-4F191445BB4B}.Release|x86.ActiveCfg = Release|Any CPU
		{72A84482-0FFA-4B5A-9881-4F191445BB4B}.Release|x86.Build.0 = Release|Any CPU
		{9AAB18E5-C969-4081-AEBF-94F6E9E52E8E}.Debug|Any CPU.ActiveCfg = Debug|Any CPU
		{9AAB18E5-C969-4081-AEBF-94F6E9E52E8E}.Debug|Any CPU.Build.0 = Debug|Any CPU
		{9AAB18E5-C969-4081-AEBF-94F6E9E52E8E}.Debug|x64.ActiveCfg = Debug|Any CPU
		{9AAB18E5-C969-4081-AEBF-94F6E9E52E8E}.Debug|x64.Build.0 = Debug|Any CPU
		{9AAB18E5-C969-4081-AEBF-94F6E9E52E8E}.Debug|x86.ActiveCfg = Debug|Any CPU
		{9AAB18E5-C969-4081-AEBF-94F6E9E52E8E}.Debug|x86.Build.0 = Debug|Any CPU
		{9AAB18E5-C969-4081-AEBF-94F6E9E52E8E}.Release|Any CPU.ActiveCfg = Release|Any CPU
		{9AAB18E5-C969-4081-AEBF-94F6E9E52E8E}.Release|Any CPU.Build.0 = Release|Any CPU
		{9AAB18E5-C969-4081-AEBF-94F6E9E52E8E}.Release|x64.ActiveCfg = Release|Any CPU
		{9AAB18E5-C969-4081-AEBF-94F6E9E52E8E}.Release|x64.Build.0 = Release|Any CPU
		{9AAB18E5-C969-4081-AEBF-94F6E9E52E8E}.Release|x86.ActiveCfg = Release|Any CPU
		{9AAB18E5-C969-4081-AEBF-94F6E9E52E8E}.Release|x86.Build.0 = Release|Any CPU
		{21F0585A-0737-4733-8133-572F3495C03A}.Debug|Any CPU.ActiveCfg = Debug|Any CPU
		{21F0585A-0737-4733-8133-572F3495C03A}.Debug|Any CPU.Build.0 = Debug|Any CPU
		{21F0585A-0737-4733-8133-572F3495C03A}.Debug|x64.ActiveCfg = Debug|Any CPU
		{21F0585A-0737-4733-8133-572F3495C03A}.Debug|x64.Build.0 = Debug|Any CPU
		{21F0585A-0737-4733-8133-572F3495C03A}.Debug|x86.ActiveCfg = Debug|Any CPU
		{21F0585A-0737-4733-8133-572F3495C03A}.Debug|x86.Build.0 = Debug|Any CPU
		{21F0585A-0737-4733-8133-572F3495C03A}.Release|Any CPU.ActiveCfg = Release|Any CPU
		{21F0585A-0737-4733-8133-572F3495C03A}.Release|Any CPU.Build.0 = Release|Any CPU
		{21F0585A-0737-4733-8133-572F3495C03A}.Release|x64.ActiveCfg = Release|Any CPU
		{21F0585A-0737-4733-8133-572F3495C03A}.Release|x64.Build.0 = Release|Any CPU
		{21F0585A-0737-4733-8133-572F3495C03A}.Release|x86.ActiveCfg = Release|Any CPU
		{21F0585A-0737-4733-8133-572F3495C03A}.Release|x86.Build.0 = Release|Any CPU
		{48F5093D-FD98-485B-A18F-A64ED869744A}.Debug|Any CPU.ActiveCfg = Debug|Any CPU
		{48F5093D-FD98-485B-A18F-A64ED869744A}.Debug|Any CPU.Build.0 = Debug|Any CPU
		{48F5093D-FD98-485B-A18F-A64ED869744A}.Debug|x64.ActiveCfg = Debug|Any CPU
		{48F5093D-FD98-485B-A18F-A64ED869744A}.Debug|x64.Build.0 = Debug|Any CPU
		{48F5093D-FD98-485B-A18F-A64ED869744A}.Debug|x86.ActiveCfg = Debug|Any CPU
		{48F5093D-FD98-485B-A18F-A64ED869744A}.Debug|x86.Build.0 = Debug|Any CPU
		{48F5093D-FD98-485B-A18F-A64ED869744A}.Release|Any CPU.ActiveCfg = Release|Any CPU
		{48F5093D-FD98-485B-A18F-A64ED869744A}.Release|Any CPU.Build.0 = Release|Any CPU
		{48F5093D-FD98-485B-A18F-A64ED869744A}.Release|x64.ActiveCfg = Release|Any CPU
		{48F5093D-FD98-485B-A18F-A64ED869744A}.Release|x64.Build.0 = Release|Any CPU
		{48F5093D-FD98-485B-A18F-A64ED869744A}.Release|x86.ActiveCfg = Release|Any CPU
		{48F5093D-FD98-485B-A18F-A64ED869744A}.Release|x86.Build.0 = Release|Any CPU
		{0B7C2B42-3767-4192-A722-9C0F6D196CCC}.Debug|Any CPU.ActiveCfg = Debug|Any CPU
		{0B7C2B42-3767-4192-A722-9C0F6D196CCC}.Debug|Any CPU.Build.0 = Debug|Any CPU
		{0B7C2B42-3767-4192-A722-9C0F6D196CCC}.Debug|x64.ActiveCfg = Debug|Any CPU
		{0B7C2B42-3767-4192-A722-9C0F6D196CCC}.Debug|x64.Build.0 = Debug|Any CPU
		{0B7C2B42-3767-4192-A722-9C0F6D196CCC}.Debug|x86.ActiveCfg = Debug|Any CPU
		{0B7C2B42-3767-4192-A722-9C0F6D196CCC}.Debug|x86.Build.0 = Debug|Any CPU
		{0B7C2B42-3767-4192-A722-9C0F6D196CCC}.Release|Any CPU.ActiveCfg = Release|Any CPU
		{0B7C2B42-3767-4192-A722-9C0F6D196CCC}.Release|Any CPU.Build.0 = Release|Any CPU
		{0B7C2B42-3767-4192-A722-9C0F6D196CCC}.Release|x64.ActiveCfg = Release|Any CPU
		{0B7C2B42-3767-4192-A722-9C0F6D196CCC}.Release|x64.Build.0 = Release|Any CPU
		{0B7C2B42-3767-4192-A722-9C0F6D196CCC}.Release|x86.ActiveCfg = Release|Any CPU
		{0B7C2B42-3767-4192-A722-9C0F6D196CCC}.Release|x86.Build.0 = Release|Any CPU
		{5381D18F-40CD-4CFF-B6DB-4868385466FD}.Debug|Any CPU.ActiveCfg = Debug|Any CPU
		{5381D18F-40CD-4CFF-B6DB-4868385466FD}.Debug|Any CPU.Build.0 = Debug|Any CPU
		{5381D18F-40CD-4CFF-B6DB-4868385466FD}.Debug|x64.ActiveCfg = Debug|Any CPU
		{5381D18F-40CD-4CFF-B6DB-4868385466FD}.Debug|x64.Build.0 = Debug|Any CPU
		{5381D18F-40CD-4CFF-B6DB-4868385466FD}.Debug|x86.ActiveCfg = Debug|Any CPU
		{5381D18F-40CD-4CFF-B6DB-4868385466FD}.Debug|x86.Build.0 = Debug|Any CPU
		{5381D18F-40CD-4CFF-B6DB-4868385466FD}.Release|Any CPU.ActiveCfg = Release|Any CPU
		{5381D18F-40CD-4CFF-B6DB-4868385466FD}.Release|Any CPU.Build.0 = Release|Any CPU
		{5381D18F-40CD-4CFF-B6DB-4868385466FD}.Release|x64.ActiveCfg = Release|Any CPU
		{5381D18F-40CD-4CFF-B6DB-4868385466FD}.Release|x64.Build.0 = Release|Any CPU
		{5381D18F-40CD-4CFF-B6DB-4868385466FD}.Release|x86.ActiveCfg = Release|Any CPU
		{5381D18F-40CD-4CFF-B6DB-4868385466FD}.Release|x86.Build.0 = Release|Any CPU
		{EB66520D-FBB9-4D01-B4F4-2587C982E6DE}.Debug|Any CPU.ActiveCfg = Debug|Any CPU
		{EB66520D-FBB9-4D01-B4F4-2587C982E6DE}.Debug|Any CPU.Build.0 = Debug|Any CPU
		{EB66520D-FBB9-4D01-B4F4-2587C982E6DE}.Debug|x64.ActiveCfg = Debug|Any CPU
		{EB66520D-FBB9-4D01-B4F4-2587C982E6DE}.Debug|x64.Build.0 = Debug|Any CPU
		{EB66520D-FBB9-4D01-B4F4-2587C982E6DE}.Debug|x86.ActiveCfg = Debug|Any CPU
		{EB66520D-FBB9-4D01-B4F4-2587C982E6DE}.Debug|x86.Build.0 = Debug|Any CPU
		{EB66520D-FBB9-4D01-B4F4-2587C982E6DE}.Release|Any CPU.ActiveCfg = Release|Any CPU
		{EB66520D-FBB9-4D01-B4F4-2587C982E6DE}.Release|Any CPU.Build.0 = Release|Any CPU
		{EB66520D-FBB9-4D01-B4F4-2587C982E6DE}.Release|x64.ActiveCfg = Release|Any CPU
		{EB66520D-FBB9-4D01-B4F4-2587C982E6DE}.Release|x64.Build.0 = Release|Any CPU
		{EB66520D-FBB9-4D01-B4F4-2587C982E6DE}.Release|x86.ActiveCfg = Release|Any CPU
		{EB66520D-FBB9-4D01-B4F4-2587C982E6DE}.Release|x86.Build.0 = Release|Any CPU
		{906D3674-6A50-4685-804C-D05C58BB8C58}.Debug|Any CPU.ActiveCfg = Debug|Any CPU
		{906D3674-6A50-4685-804C-D05C58BB8C58}.Debug|Any CPU.Build.0 = Debug|Any CPU
		{906D3674-6A50-4685-804C-D05C58BB8C58}.Debug|x64.ActiveCfg = Debug|Any CPU
		{906D3674-6A50-4685-804C-D05C58BB8C58}.Debug|x64.Build.0 = Debug|Any CPU
		{906D3674-6A50-4685-804C-D05C58BB8C58}.Debug|x86.ActiveCfg = Debug|Any CPU
		{906D3674-6A50-4685-804C-D05C58BB8C58}.Debug|x86.Build.0 = Debug|Any CPU
		{906D3674-6A50-4685-804C-D05C58BB8C58}.Release|Any CPU.ActiveCfg = Release|Any CPU
		{906D3674-6A50-4685-804C-D05C58BB8C58}.Release|Any CPU.Build.0 = Release|Any CPU
		{906D3674-6A50-4685-804C-D05C58BB8C58}.Release|x64.ActiveCfg = Release|Any CPU
		{906D3674-6A50-4685-804C-D05C58BB8C58}.Release|x64.Build.0 = Release|Any CPU
		{906D3674-6A50-4685-804C-D05C58BB8C58}.Release|x86.ActiveCfg = Release|Any CPU
		{906D3674-6A50-4685-804C-D05C58BB8C58}.Release|x86.Build.0 = Release|Any CPU
		{88C3C399-AE82-4B3D-9674-3E54896AE407}.Debug|Any CPU.ActiveCfg = Debug|Any CPU
		{88C3C399-AE82-4B3D-9674-3E54896AE407}.Debug|Any CPU.Build.0 = Debug|Any CPU
		{88C3C399-AE82-4B3D-9674-3E54896AE407}.Debug|x64.ActiveCfg = Debug|Any CPU
		{88C3C399-AE82-4B3D-9674-3E54896AE407}.Debug|x64.Build.0 = Debug|Any CPU
		{88C3C399-AE82-4B3D-9674-3E54896AE407}.Debug|x86.ActiveCfg = Debug|Any CPU
		{88C3C399-AE82-4B3D-9674-3E54896AE407}.Debug|x86.Build.0 = Debug|Any CPU
		{88C3C399-AE82-4B3D-9674-3E54896AE407}.Release|Any CPU.ActiveCfg = Release|Any CPU
		{88C3C399-AE82-4B3D-9674-3E54896AE407}.Release|Any CPU.Build.0 = Release|Any CPU
		{88C3C399-AE82-4B3D-9674-3E54896AE407}.Release|x64.ActiveCfg = Release|Any CPU
		{88C3C399-AE82-4B3D-9674-3E54896AE407}.Release|x64.Build.0 = Release|Any CPU
		{88C3C399-AE82-4B3D-9674-3E54896AE407}.Release|x86.ActiveCfg = Release|Any CPU
		{88C3C399-AE82-4B3D-9674-3E54896AE407}.Release|x86.Build.0 = Release|Any CPU
	EndGlobalSection
	GlobalSection(NestedProjects) = preSolution
		{72A84482-0FFA-4B5A-9881-4F191445BB4B} = {450ADE40-BC19-4D3F-838C-78018C15CC36}
		{9AAB18E5-C969-4081-AEBF-94F6E9E52E8E} = {450ADE40-BC19-4D3F-838C-78018C15CC36}
		{76AF1F9A-7AC0-4E3C-9663-2949A4258FFB} = {300734FD-9FBB-49F6-B507-EB91F5DD2FCF}
		{7A29B1AA-5A93-405D-A1B8-0BE37C676EB4} = {300734FD-9FBB-49F6-B507-EB91F5DD2FCF}
		{21F0585A-0737-4733-8133-572F3495C03A} = {AF1D0699-4C34-4349-8041-72F65769992A}
		{48F5093D-FD98-485B-A18F-A64ED869744A} = {AF1D0699-4C34-4349-8041-72F65769992A}
		{5381D18F-40CD-4CFF-B6DB-4868385466FD} = {2FE286BC-E8EC-46E6-A2F4-FA366BA39758}
		{EB66520D-FBB9-4D01-B4F4-2587C982E6DE} = {2FE286BC-E8EC-46E6-A2F4-FA366BA39758}
		{906D3674-6A50-4685-804C-D05C58BB8C58} = {2FE286BC-E8EC-46E6-A2F4-FA366BA39758}
		{88C3C399-AE82-4B3D-9674-3E54896AE407} = {2FE286BC-E8EC-46E6-A2F4-FA366BA39758}
	EndGlobalSection
	GlobalSection(MonoDevelopProperties) = preSolution
		version = 1.0.0
	EndGlobalSection
EndGlobal
